
Microsoft Visual Studio Solution File, Format Version 12.00
# Visual Studio 15
VisualStudioVersion = 15.0.28307.489
MinimumVisualStudioVersion = 10.0.40219.1
Project("{FAE04EC0-301F-11D3-BF4B-00C04F79EFBC}") = "WindowsFormsApp1", "WindowsFormsApp1\WindowsFormsApp1.csproj", "{7BB8D2FA-A49B-43F9-B555-90761ADDE0CD}"
EndProject
Global
	GlobalSection(SolutionConfigurationPlatforms) = preSolution
		Debug|Any CPU = Debug|Any CPU
		Release|Any CPU = Release|Any CPU
	EndGlobalSection
	GlobalSection(ProjectConfigurationPlatforms) = postSolution
		{7BB8D2FA-A49B-43F9-B555-90761ADDE0CD}.Debug|Any CPU.ActiveCfg = Debug|Any CPU
		{7BB8D2FA-A49B-43F9-B555-90761ADDE0CD}.Debug|Any CPU.Build.0 = Debug|Any CPU
		{7BB8D2FA-A49B-43F9-B555-90761ADDE0CD}.Release|Any CPU.ActiveCfg = Release|Any CPU
		{7BB8D2FA-A49B-43F9-B555-90761ADDE0CD}.Release|Any CPU.Build.0 = Release|Any CPU
	EndGlobalSection
	GlobalSection(SolutionProperties) = preSolution
		HideSolutionNode = FALSE
	EndGlobalSection
	GlobalSection(ExtensibilityGlobals) = postSolution
		SolutionGuid = {3E6BE3AC-667A-4806-86AC-2156CECAB792}
	EndGlobalSection
EndGlobal
